// !$*UTF8*$!
{
	archiveVersion = 1;
	classes = {
	};
	objectVersion = 56;
	objects = {

/* Begin PBXBuildFile section */
		824739852B233497008521D8 /* WeatherViewController.swift in Sources */ = {isa = PBXBuildFile; fileRef = 824739832B233497008521D8 /* WeatherViewController.swift */; };
		824739862B233497008521D8 /* WeatherViewController.xib in Resources */ = {isa = PBXBuildFile; fileRef = 824739842B233497008521D8 /* WeatherViewController.xib */; };
		824A14A72B260D6800219DC4 /* HourlyForecastCollectionView.swift in Sources */ = {isa = PBXBuildFile; fileRef = 824A14A62B260D6800219DC4 /* HourlyForecastCollectionView.swift */; };
		824FD1122B29CC3300813F29 /* HourlyCollectionViewCell.swift in Sources */ = {isa = PBXBuildFile; fileRef = 824FD1102B29CC3300813F29 /* HourlyCollectionViewCell.swift */; };
		824FD1132B29CC3300813F29 /* HourlyCollectionViewCell.xib in Resources */ = {isa = PBXBuildFile; fileRef = 824FD1112B29CC3300813F29 /* HourlyCollectionViewCell.xib */; };
		828746162B21EACF0079176D /* AppDelegate.swift in Sources */ = {isa = PBXBuildFile; fileRef = 828746152B21EACF0079176D /* AppDelegate.swift */; };
		828746182B21EACF0079176D /* SceneDelegate.swift in Sources */ = {isa = PBXBuildFile; fileRef = 828746172B21EACF0079176D /* SceneDelegate.swift */; };
		8287461A2B21EACF0079176D /* ViewController.swift in Sources */ = {isa = PBXBuildFile; fileRef = 828746192B21EACF0079176D /* ViewController.swift */; };
		8287461D2B21EACF0079176D /* Main.storyboard in Resources */ = {isa = PBXBuildFile; fileRef = 8287461B2B21EACF0079176D /* Main.storyboard */; };
		8287461F2B21EAD10079176D /* Assets.xcassets in Resources */ = {isa = PBXBuildFile; fileRef = 8287461E2B21EAD10079176D /* Assets.xcassets */; };
		828746222B21EAD10079176D /* LaunchScreen.storyboard in Resources */ = {isa = PBXBuildFile; fileRef = 828746202B21EAD10079176D /* LaunchScreen.storyboard */; };
		8287462A2B21EB9E0079176D /* WeatheDataLoader.swift in Sources */ = {isa = PBXBuildFile; fileRef = 828746292B21EB9E0079176D /* WeatheDataLoader.swift */; };
		8287462C2B21ECBE0079176D /* WeatherData.swift in Sources */ = {isa = PBXBuildFile; fileRef = 8287462B2B21ECBE0079176D /* WeatherData.swift */; };
		8287462E2B21FBD30079176D /* WeatherToShow.swift in Sources */ = {isa = PBXBuildFile; fileRef = 8287462D2B21FBD30079176D /* WeatherToShow.swift */; };
		82A177A12B2AEE57000F4803 /* DailyForecastTableView.swift in Sources */ = {isa = PBXBuildFile; fileRef = 82A177A02B2AEE57000F4803 /* DailyForecastTableView.swift */; };
		82A177A52B2AFA49000F4803 /* DailyTableViewCell.swift in Sources */ = {isa = PBXBuildFile; fileRef = 82A177A32B2AFA49000F4803 /* DailyTableViewCell.swift */; };
		82A177A62B2AFA49000F4803 /* DailyTableViewCell.xib in Resources */ = {isa = PBXBuildFile; fileRef = 82A177A42B2AFA49000F4803 /* DailyTableViewCell.xib */; };
		82AA79032B246F2C007354B3 /* WeatherForCityViewController.swift in Sources */ = {isa = PBXBuildFile; fileRef = 82AA79012B246F2C007354B3 /* WeatherForCityViewController.swift */; };
		82AA79042B246F2C007354B3 /* WeatherForCityViewController.xib in Resources */ = {isa = PBXBuildFile; fileRef = 82AA79022B246F2C007354B3 /* WeatherForCityViewController.xib */; };
/* End PBXBuildFile section */

/* Begin PBXFileReference section */
		824739832B233497008521D8 /* WeatherViewController.swift */ = {isa = PBXFileReference; lastKnownFileType = sourcecode.swift; path = WeatherViewController.swift; sourceTree = "<group>"; };
		824739842B233497008521D8 /* WeatherViewController.xib */ = {isa = PBXFileReference; lastKnownFileType = file.xib; path = WeatherViewController.xib; sourceTree = "<group>"; };
		824A14A62B260D6800219DC4 /* HourlyForecastCollectionView.swift */ = {isa = PBXFileReference; lastKnownFileType = sourcecode.swift; path = HourlyForecastCollectionView.swift; sourceTree = "<group>"; };
		824FD1102B29CC3300813F29 /* HourlyCollectionViewCell.swift */ = {isa = PBXFileReference; lastKnownFileType = sourcecode.swift; path = HourlyCollectionViewCell.swift; sourceTree = "<group>"; };
		824FD1112B29CC3300813F29 /* HourlyCollectionViewCell.xib */ = {isa = PBXFileReference; lastKnownFileType = file.xib; path = HourlyCollectionViewCell.xib; sourceTree = "<group>"; };
		828746122B21EACF0079176D /* weatherApp.app */ = {isa = PBXFileReference; explicitFileType = wrapper.application; includeInIndex = 0; path = weatherApp.app; sourceTree = BUILT_PRODUCTS_DIR; };
		828746152B21EACF0079176D /* AppDelegate.swift */ = {isa = PBXFileReference; lastKnownFileType = sourcecode.swift; path = AppDelegate.swift; sourceTree = "<group>"; };
		828746172B21EACF0079176D /* SceneDelegate.swift */ = {isa = PBXFileReference; lastKnownFileType = sourcecode.swift; path = SceneDelegate.swift; sourceTree = "<group>"; };
		828746192B21EACF0079176D /* ViewController.swift */ = {isa = PBXFileReference; lastKnownFileType = sourcecode.swift; path = ViewController.swift; sourceTree = "<group>"; };
		8287461C2B21EACF0079176D /* Base */ = {isa = PBXFileReference; lastKnownFileType = file.storyboard; name = Base; path = Base.lproj/Main.storyboard; sourceTree = "<group>"; };
		8287461E2B21EAD10079176D /* Assets.xcassets */ = {isa = PBXFileReference; lastKnownFileType = folder.assetcatalog; path = Assets.xcassets; sourceTree = "<group>"; };
		828746212B21EAD10079176D /* Base */ = {isa = PBXFileReference; lastKnownFileType = file.storyboard; name = Base; path = Base.lproj/LaunchScreen.storyboard; sourceTree = "<group>"; };
		828746232B21EAD10079176D /* Info.plist */ = {isa = PBXFileReference; lastKnownFileType = text.plist.xml; path = Info.plist; sourceTree = "<group>"; };
		828746292B21EB9E0079176D /* WeatheDataLoader.swift */ = {isa = PBXFileReference; lastKnownFileType = sourcecode.swift; path = WeatheDataLoader.swift; sourceTree = "<group>"; };
		8287462B2B21ECBE0079176D /* WeatherData.swift */ = {isa = PBXFileReference; lastKnownFileType = sourcecode.swift; path = WeatherData.swift; sourceTree = "<group>"; };
		8287462D2B21FBD30079176D /* WeatherToShow.swift */ = {isa = PBXFileReference; lastKnownFileType = sourcecode.swift; path = WeatherToShow.swift; sourceTree = "<group>"; };
		82A177A02B2AEE57000F4803 /* DailyForecastTableView.swift */ = {isa = PBXFileReference; lastKnownFileType = sourcecode.swift; path = DailyForecastTableView.swift; sourceTree = "<group>"; };
		82A177A32B2AFA49000F4803 /* DailyTableViewCell.swift */ = {isa = PBXFileReference; lastKnownFileType = sourcecode.swift; path = DailyTableViewCell.swift; sourceTree = "<group>"; };
		82A177A42B2AFA49000F4803 /* DailyTableViewCell.xib */ = {isa = PBXFileReference; lastKnownFileType = file.xib; path = DailyTableViewCell.xib; sourceTree = "<group>"; };
		82AA79012B246F2C007354B3 /* WeatherForCityViewController.swift */ = {isa = PBXFileReference; lastKnownFileType = sourcecode.swift; path = WeatherForCityViewController.swift; sourceTree = "<group>"; };
		82AA79022B246F2C007354B3 /* WeatherForCityViewController.xib */ = {isa = PBXFileReference; lastKnownFileType = file.xib; path = WeatherForCityViewController.xib; sourceTree = "<group>"; };
/* End PBXFileReference section */

/* Begin PBXFrameworksBuildPhase section */
		8287460F2B21EACF0079176D /* Frameworks */ = {
			isa = PBXFrameworksBuildPhase;
			buildActionMask = 2147483647;
			files = (
			);
			runOnlyForDeploymentPostprocessing = 0;
		};
/* End PBXFrameworksBuildPhase section */

/* Begin PBXGroup section */
		824739872B2334A3008521D8 /* WeatherViewController */ = {
			isa = PBXGroup;
			children = (
				824739832B233497008521D8 /* WeatherViewController.swift */,
				824739842B233497008521D8 /* WeatherViewController.xib */,
			);
			path = WeatherViewController;
			sourceTree = "<group>";
		};
		824739882B237B52008521D8 /* WeatherDataLoader */ = {
			isa = PBXGroup;
			children = (
				828746292B21EB9E0079176D /* WeatheDataLoader.swift */,
			);
			name = WeatherDataLoader;
			sourceTree = "<group>";
		};
		824FD10B2B299C2700813F29 /* HourlyWeatherCollectionView */ = {
			isa = PBXGroup;
			children = (
				824A14A62B260D6800219DC4 /* HourlyForecastCollectionView.swift */,
				824FD1102B29CC3300813F29 /* HourlyCollectionViewCell.swift */,
				824FD1112B29CC3300813F29 /* HourlyCollectionViewCell.xib */,
			);
			path = HourlyWeatherCollectionView;
			sourceTree = "<group>";
		};
		828746092B21EACF0079176D = {
			isa = PBXGroup;
			children = (
				828746142B21EACF0079176D /* weatherApp */,
				828746132B21EACF0079176D /* Products */,
			);
			sourceTree = "<group>";
		};
		828746132B21EACF0079176D /* Products */ = {
			isa = PBXGroup;
			children = (
				828746122B21EACF0079176D /* weatherApp.app */,
			);
			name = Products;
			sourceTree = "<group>";
		};
		828746142B21EACF0079176D /* weatherApp */ = {
			isa = PBXGroup;
			children = (
				828746152B21EACF0079176D /* AppDelegate.swift */,
				828746172B21EACF0079176D /* SceneDelegate.swift */,
				828746192B21EACF0079176D /* ViewController.swift */,
				82A177A22B2AF9A7000F4803 /* DailyWeatherTableView */,
				824FD10B2B299C2700813F29 /* HourlyWeatherCollectionView */,
				82AA79052B246F36007354B3 /* WeatherForCityViewController */,
				824739872B2334A3008521D8 /* WeatherViewController */,
				8287462F2B21FF050079176D /* Weather */,
				824739882B237B52008521D8 /* WeatherDataLoader */,
				8287461B2B21EACF0079176D /* Main.storyboard */,
				8287461E2B21EAD10079176D /* Assets.xcassets */,
				828746202B21EAD10079176D /* LaunchScreen.storyboard */,
				828746232B21EAD10079176D /* Info.plist */,
			);
			path = weatherApp;
			sourceTree = "<group>";
		};
		8287462F2B21FF050079176D /* Weather */ = {
			isa = PBXGroup;
			children = (
				8287462D2B21FBD30079176D /* WeatherToShow.swift */,
				8287462B2B21ECBE0079176D /* WeatherData.swift */,
			);
			name = Weather;
			sourceTree = "<group>";
		};
		82A177A22B2AF9A7000F4803 /* DailyWeatherTableView */ = {
			isa = PBXGroup;
			children = (
				82A177A02B2AEE57000F4803 /* DailyForecastTableView.swift */,
				82A177A32B2AFA49000F4803 /* DailyTableViewCell.swift */,
				82A177A42B2AFA49000F4803 /* DailyTableViewCell.xib */,
			);
			path = DailyWeatherTableView;
			sourceTree = "<group>";
		};
		82AA79052B246F36007354B3 /* WeatherForCityViewController */ = {
			isa = PBXGroup;
			children = (
				82AA79022B246F2C007354B3 /* WeatherForCityViewController.xib */,
				82AA79012B246F2C007354B3 /* WeatherForCityViewController.swift */,
			);
			path = WeatherForCityViewController;
			sourceTree = "<group>";
		};
/* End PBXGroup section */

/* Begin PBXNativeTarget section */
		828746112B21EACF0079176D /* weatherApp */ = {
			isa = PBXNativeTarget;
			buildConfigurationList = 828746262B21EAD10079176D /* Build configuration list for PBXNativeTarget "weatherApp" */;
			buildPhases = (
				8287460E2B21EACF0079176D /* Sources */,
				8287460F2B21EACF0079176D /* Frameworks */,
				828746102B21EACF0079176D /* Resources */,
			);
			buildRules = (
			);
			dependencies = (
			);
			name = weatherApp;
			productName = weatherApp;
			productReference = 828746122B21EACF0079176D /* weatherApp.app */;
			productType = "com.apple.product-type.application";
		};
/* End PBXNativeTarget section */

/* Begin PBXProject section */
		8287460A2B21EACF0079176D /* Project object */ = {
			isa = PBXProject;
			attributes = {
				BuildIndependentTargetsInParallel = 1;
				LastSwiftUpdateCheck = 1420;
				LastUpgradeCheck = 1420;
				TargetAttributes = {
					828746112B21EACF0079176D = {
						CreatedOnToolsVersion = 14.2;
					};
				};
			};
			buildConfigurationList = 8287460D2B21EACF0079176D /* Build configuration list for PBXProject "weatherApp" */;
			compatibilityVersion = "Xcode 14.0";
			developmentRegion = en;
			hasScannedForEncodings = 0;
			knownRegions = (
				en,
				Base,
			);
			mainGroup = 828746092B21EACF0079176D;
			productRefGroup = 828746132B21EACF0079176D /* Products */;
			projectDirPath = "";
			projectRoot = "";
			targets = (
				828746112B21EACF0079176D /* weatherApp */,
			);
		};
/* End PBXProject section */

/* Begin PBXResourcesBuildPhase section */
		828746102B21EACF0079176D /* Resources */ = {
			isa = PBXResourcesBuildPhase;
			buildActionMask = 2147483647;
			files = (
				828746222B21EAD10079176D /* LaunchScreen.storyboard in Resources */,
				82AA79042B246F2C007354B3 /* WeatherForCityViewController.xib in Resources */,
				824FD1132B29CC3300813F29 /* HourlyCollectionViewCell.xib in Resources */,
				82A177A62B2AFA49000F4803 /* DailyTableViewCell.xib in Resources */,
				824739862B233497008521D8 /* WeatherViewController.xib in Resources */,
				8287461F2B21EAD10079176D /* Assets.xcassets in Resources */,
				8287461D2B21EACF0079176D /* Main.storyboard in Resources */,
			);
			runOnlyForDeploymentPostprocessing = 0;
		};
/* End PBXResourcesBuildPhase section */

/* Begin PBXSourcesBuildPhase section */
		8287460E2B21EACF0079176D /* Sources */ = {
			isa = PBXSourcesBuildPhase;
			buildActionMask = 2147483647;
			files = (
				824FD1122B29CC3300813F29 /* HourlyCollectionViewCell.swift in Sources */,
				8287461A2B21EACF0079176D /* ViewController.swift in Sources */,
				8287462C2B21ECBE0079176D /* WeatherData.swift in Sources */,
				828746162B21EACF0079176D /* AppDelegate.swift in Sources */,
				8287462A2B21EB9E0079176D /* WeatheDataLoader.swift in Sources */,
				82AA79032B246F2C007354B3 /* WeatherForCityViewController.swift in Sources */,
				824A14A72B260D6800219DC4 /* HourlyForecastCollectionView.swift in Sources */,
				824739852B233497008521D8 /* WeatherViewController.swift in Sources */,
				8287462E2B21FBD30079176D /* WeatherToShow.swift in Sources */,
				82A177A52B2AFA49000F4803 /* DailyTableViewCell.swift in Sources */,
				82A177A12B2AEE57000F4803 /* DailyForecastTableView.swift in Sources */,
				828746182B21EACF0079176D /* SceneDelegate.swift in Sources */,
			);
			runOnlyForDeploymentPostprocessing = 0;
		};
/* End PBXSourcesBuildPhase section */

/* Begin PBXVariantGroup section */
		8287461B2B21EACF0079176D /* Main.storyboard */ = {
			isa = PBXVariantGroup;
			children = (
				8287461C2B21EACF0079176D /* Base */,
			);
			name = Main.storyboard;
			sourceTree = "<group>";
		};
		828746202B21EAD10079176D /* LaunchScreen.storyboard */ = {
			isa = PBXVariantGroup;
			children = (
				828746212B21EAD10079176D /* Base */,
			);
			name = LaunchScreen.storyboard;
			sourceTree = "<group>";
		};
/* End PBXVariantGroup section */

/* Begin XCBuildConfiguration section */
		828746242B21EAD10079176D /* Debug */ = {
			isa = XCBuildConfiguration;
			buildSettings = {
				ALWAYS_SEARCH_USER_PATHS = NO;
				CLANG_ANALYZER_NONNULL = YES;
				CLANG_ANALYZER_NUMBER_OBJECT_CONVERSION = YES_AGGRESSIVE;
				CLANG_CXX_LANGUAGE_STANDARD = "gnu++20";
				CLANG_ENABLE_MODULES = YES;
				CLANG_ENABLE_OBJC_ARC = YES;
				CLANG_ENABLE_OBJC_WEAK = YES;
				CLANG_WARN_BLOCK_CAPTURE_AUTORELEASING = YES;
				CLANG_WARN_BOOL_CONVERSION = YES;
				CLANG_WARN_COMMA = YES;
				CLANG_WARN_CONSTANT_CONVERSION = YES;
				CLANG_WARN_DEPRECATED_OBJC_IMPLEMENTATIONS = YES;
				CLANG_WARN_DIRECT_OBJC_ISA_USAGE = YES_ERROR;
				CLANG_WARN_DOCUMENTATION_COMMENTS = YES;
				CLANG_WARN_EMPTY_BODY = YES;
				CLANG_WARN_ENUM_CONVERSION = YES;
				CLANG_WARN_INFINITE_RECURSION = YES;
				CLANG_WARN_INT_CONVERSION = YES;
				CLANG_WARN_NON_LITERAL_NULL_CONVERSION = YES;
				CLANG_WARN_OBJC_IMPLICIT_RETAIN_SELF = YES;
				CLANG_WARN_OBJC_LITERAL_CONVERSION = YES;
				CLANG_WARN_OBJC_ROOT_CLASS = YES_ERROR;
				CLANG_WARN_QUOTED_INCLUDE_IN_FRAMEWORK_HEADER = YES;
				CLANG_WARN_RANGE_LOOP_ANALYSIS = YES;
				CLANG_WARN_STRICT_PROTOTYPES = YES;
				CLANG_WARN_SUSPICIOUS_MOVE = YES;
				CLANG_WARN_UNGUARDED_AVAILABILITY = YES_AGGRESSIVE;
				CLANG_WARN_UNREACHABLE_CODE = YES;
				CLANG_WARN__DUPLICATE_METHOD_MATCH = YES;
				COPY_PHASE_STRIP = NO;
				DEBUG_INFORMATION_FORMAT = dwarf;
				ENABLE_STRICT_OBJC_MSGSEND = YES;
				ENABLE_TESTABILITY = YES;
				GCC_C_LANGUAGE_STANDARD = gnu11;
				GCC_DYNAMIC_NO_PIC = NO;
				GCC_NO_COMMON_BLOCKS = YES;
				GCC_OPTIMIZATION_LEVEL = 0;
				GCC_PREPROCESSOR_DEFINITIONS = (
					"DEBUG=1",
					"$(inherited)",
				);
				GCC_WARN_64_TO_32_BIT_CONVERSION = YES;
				GCC_WARN_ABOUT_RETURN_TYPE = YES_ERROR;
				GCC_WARN_UNDECLARED_SELECTOR = YES;
				GCC_WARN_UNINITIALIZED_AUTOS = YES_AGGRESSIVE;
				GCC_WARN_UNUSED_FUNCTION = YES;
				GCC_WARN_UNUSED_VARIABLE = YES;
				IPHONEOS_DEPLOYMENT_TARGET = 16.2;
				MTL_ENABLE_DEBUG_INFO = INCLUDE_SOURCE;
				MTL_FAST_MATH = YES;
				ONLY_ACTIVE_ARCH = YES;
				SDKROOT = iphoneos;
				SWIFT_ACTIVE_COMPILATION_CONDITIONS = DEBUG;
				SWIFT_OPTIMIZATION_LEVEL = "-Onone";
			};
			name = Debug;
		};
		828746252B21EAD10079176D /* Release */ = {
			isa = XCBuildConfiguration;
			buildSettings = {
				ALWAYS_SEARCH_USER_PATHS = NO;
				CLANG_ANALYZER_NONNULL = YES;
				CLANG_ANALYZER_NUMBER_OBJECT_CONVERSION = YES_AGGRESSIVE;
				CLANG_CXX_LANGUAGE_STANDARD = "gnu++20";
				CLANG_ENABLE_MODULES = YES;
				CLANG_ENABLE_OBJC_ARC = YES;
				CLANG_ENABLE_OBJC_WEAK = YES;
				CLANG_WARN_BLOCK_CAPTURE_AUTORELEASING = YES;
				CLANG_WARN_BOOL_CONVERSION = YES;
				CLANG_WARN_COMMA = YES;
				CLANG_WARN_CONSTANT_CONVERSION = YES;
				CLANG_WARN_DEPRECATED_OBJC_IMPLEMENTATIONS = YES;
				CLANG_WARN_DIRECT_OBJC_ISA_USAGE = YES_ERROR;
				CLANG_WARN_DOCUMENTATION_COMMENTS = YES;
				CLANG_WARN_EMPTY_BODY = YES;
				CLANG_WARN_ENUM_CONVERSION = YES;
				CLANG_WARN_INFINITE_RECURSION = YES;
				CLANG_WARN_INT_CONVERSION = YES;
				CLANG_WARN_NON_LITERAL_NULL_CONVERSION = YES;
				CLANG_WARN_OBJC_IMPLICIT_RETAIN_SELF = YES;
				CLANG_WARN_OBJC_LITERAL_CONVERSION = YES;
				CLANG_WARN_OBJC_ROOT_CLASS = YES_ERROR;
				CLANG_WARN_QUOTED_INCLUDE_IN_FRAMEWORK_HEADER = YES;
				CLANG_WARN_RANGE_LOOP_ANALYSIS = YES;
				CLANG_WARN_STRICT_PROTOTYPES = YES;
				CLANG_WARN_SUSPICIOUS_MOVE = YES;
				CLANG_WARN_UNGUARDED_AVAILABILITY = YES_AGGRESSIVE;
				CLANG_WARN_UNREACHABLE_CODE = YES;
				CLANG_WARN__DUPLICATE_METHOD_MATCH = YES;
				COPY_PHASE_STRIP = NO;
				DEBUG_INFORMATION_FORMAT = "dwarf-with-dsym";
				ENABLE_NS_ASSERTIONS = NO;
				ENABLE_STRICT_OBJC_MSGSEND = YES;
				GCC_C_LANGUAGE_STANDARD = gnu11;
				GCC_NO_COMMON_BLOCKS = YES;
				GCC_WARN_64_TO_32_BIT_CONVERSION = YES;
				GCC_WARN_ABOUT_RETURN_TYPE = YES_ERROR;
				GCC_WARN_UNDECLARED_SELECTOR = YES;
				GCC_WARN_UNINITIALIZED_AUTOS = YES_AGGRESSIVE;
				GCC_WARN_UNUSED_FUNCTION = YES;
				GCC_WARN_UNUSED_VARIABLE = YES;
				IPHONEOS_DEPLOYMENT_TARGET = 16.2;
				MTL_ENABLE_DEBUG_INFO = NO;
				MTL_FAST_MATH = YES;
				SDKROOT = iphoneos;
				SWIFT_COMPILATION_MODE = wholemodule;
				SWIFT_OPTIMIZATION_LEVEL = "-O";
				VALIDATE_PRODUCT = YES;
			};
			name = Release;
		};
		828746272B21EAD10079176D /* Debug */ = {
			isa = XCBuildConfiguration;
			buildSettings = {
				ASSETCATALOG_COMPILER_APPICON_NAME = AppIcon;
				ASSETCATALOG_COMPILER_GLOBAL_ACCENT_COLOR_NAME = AccentColor;
				CODE_SIGN_STYLE = Automatic;
				CURRENT_PROJECT_VERSION = 1;
				DEVELOPMENT_TEAM = 5VK9MGNRY3;
				GENERATE_INFOPLIST_FILE = YES;
				INFOPLIST_FILE = weatherApp/Info.plist;
				INFOPLIST_KEY_UIApplicationSupportsIndirectInputEvents = YES;
				INFOPLIST_KEY_UILaunchStoryboardName = LaunchScreen;
				INFOPLIST_KEY_UIMainStoryboardFile = Main;
				INFOPLIST_KEY_UISupportedInterfaceOrientations_iPad = "UIInterfaceOrientationPortrait UIInterfaceOrientationPortraitUpsideDown UIInterfaceOrientationLandscapeLeft UIInterfaceOrientationLandscapeRight";
				INFOPLIST_KEY_UISupportedInterfaceOrientations_iPhone = "UIInterfaceOrientationPortrait UIInterfaceOrientationLandscapeLeft UIInterfaceOrientationLandscapeRight";
				LD_RUNPATH_SEARCH_PATHS = (
					"$(inherited)",
					"@executable_path/Frameworks",
				);
				MARKETING_VERSION = 1.0;
				PRODUCT_BUNDLE_IDENTIFIER = shymanski.com.weatherApp;
				PRODUCT_NAME = "$(TARGET_NAME)";
				SWIFT_EMIT_LOC_STRINGS = YES;
				SWIFT_VERSION = 5.0;
				TARGETED_DEVICE_FAMILY = "1,2";
			};
			name = Debug;
		};
		828746282B21EAD10079176D /* Release */ = {
			isa = XCBuildConfiguration;
			buildSettings = {
				ASSETCATALOG_COMPILER_APPICON_NAME = AppIcon;
				ASSETCATALOG_COMPILER_GLOBAL_ACCENT_COLOR_NAME = AccentColor;
				CODE_SIGN_STYLE = Automatic;
				CURRENT_PROJECT_VERSION = 1;
				DEVELOPMENT_TEAM = 5VK9MGNRY3;
				GENERATE_INFOPLIST_FILE = YES;
				INFOPLIST_FILE = weatherApp/Info.plist;
				INFOPLIST_KEY_UIApplicationSupportsIndirectInputEvents = YES;
				INFOPLIST_KEY_UILaunchStoryboardName = LaunchScreen;
				INFOPLIST_KEY_UIMainStoryboardFile = Main;
				INFOPLIST_KEY_UISupportedInterfaceOrientations_iPad = "UIInterfaceOrientationPortrait UIInterfaceOrientationPortraitUpsideDown UIInterfaceOrientationLandscapeLeft UIInterfaceOrientationLandscapeRight";
				INFOPLIST_KEY_UISupportedInterfaceOrientations_iPhone = "UIInterfaceOrientationPortrait UIInterfaceOrientationLandscapeLeft UIInterfaceOrientationLandscapeRight";
				LD_RUNPATH_SEARCH_PATHS = (
					"$(inherited)",
					"@executable_path/Frameworks",
				);
				MARKETING_VERSION = 1.0;
				PRODUCT_BUNDLE_IDENTIFIER = shymanski.com.weatherApp;
				PRODUCT_NAME = "$(TARGET_NAME)";
				SWIFT_EMIT_LOC_STRINGS = YES;
				SWIFT_VERSION = 5.0;
				TARGETED_DEVICE_FAMILY = "1,2";
			};
			name = Release;
		};
/* End XCBuildConfiguration section */

/* Begin XCConfigurationList section */
		8287460D2B21EACF0079176D /* Build configuration list for PBXProject "weatherApp" */ = {
			isa = XCConfigurationList;
			buildConfigurations = (
				828746242B21EAD10079176D /* Debug */,
				828746252B21EAD10079176D /* Release */,
			);
			defaultConfigurationIsVisible = 0;
			defaultConfigurationName = Release;
		};
		828746262B21EAD10079176D /* Build configuration list for PBXNativeTarget "weatherApp" */ = {
			isa = XCConfigurationList;
			buildConfigurations = (
				828746272B21EAD10079176D /* Debug */,
				828746282B21EAD10079176D /* Release */,
			);
			defaultConfigurationIsVisible = 0;
			defaultConfigurationName = Release;
		};
/* End XCConfigurationList section */
	};
	rootObject = 8287460A2B21EACF0079176D /* Project object */;
}
